
Microsoft Visual Studio Solution File, Format Version 12.00
# Visual Studio Version 17
VisualStudioVersion = 17.14.36212.18 d17.14
MinimumVisualStudioVersion = 10.0.40219.1
Project("{FAE04EC0-301F-11D3-BF4B-00C04F79EFBC}") = "CalculatorMax", "CalculatorMax\CalculatorMax.csproj", "{BA19D099-CBEF-47AD-ABBB-E15AA78B673B}"
EndProject
Global
	GlobalSection(SolutionConfigurationPlatforms) = preSolution
		Debug|Any CPU = Debug|Any CPU
		Release|Any CPU = Release|Any CPU
	EndGlobalSection
	GlobalSection(ProjectConfigurationPlatforms) = postSolution
		{BA19D099-CBEF-47AD-ABBB-E15AA78B673B}.Debug|Any CPU.ActiveCfg = Debug|Any CPU
		{BA19D099-CBEF-47AD-ABBB-E15AA78B673B}.Debug|Any CPU.Build.0 = Debug|Any CPU
		{BA19D099-CBEF-47AD-ABBB-E15AA78B673B}.Release|Any CPU.ActiveCfg = Release|Any CPU
		{BA19D099-CBEF-47AD-ABBB-E15AA78B673B}.Release|Any CPU.Build.0 = Release|Any CPU
	EndGlobalSection
	GlobalSection(SolutionProperties) = preSolution
		HideSolutionNode = FALSE
	EndGlobalSection
	GlobalSection(ExtensibilityGlobals) = postSolution
		SolutionGuid = {C32B587F-5DF5-4092-B643-C82F4FA7E7F5}
	EndGlobalSection
EndGlobal
